{
  "originHash" : "3fcb5c244db938ca161adc5869a4951fd8ca8c15badfd7e19b2e170300ec6980",
  "pins" : [
    {
      "identity" : "sparkle",
      "kind" : "remoteSourceControl",
      "location" : "https://github.com/sparkle-project/Sparkle",
      "state" : {
        "revision" : "79bc9e872948e47877e76f194cb0c8e0412b0b90",
        "version" : "2.9.5"
      }
    },
    {
      "identity" : "swift-toml",
      "kind" : "remoteSourceControl",
      "location" : "https://github.com/mattt/swift-toml.git",
      "state" : {
        "revision" : "827506c90475e82d5a7f191f950fb3025cbdc0d6",
        "version" : "2.0.0"
      }
    }
  ],
  "version" : 3
}
